// !$*UTF8*$!
{
	archiveVersion = 1;
	classes = {
	};
	objectVersion = 46;
	objects = {

/* Begin PBXBuildFile section */
		4CA3B1991D211C390012B3DC /* AppDelegate.swift in Sources */ = {isa = PBXBuildFile; fileRef = 4CA3B1981D211C390012B3DC /* AppDelegate.swift */; };
		4CA3B19B1D211C390012B3DC /* RootViewController.swift in Sources */ = {isa = PBXBuildFile; fileRef = 4CA3B19A1D211C390012B3DC /* RootViewController.swift */; };
		4CA3B19D1D211C390012B3DC /* DataViewController.swift in Sources */ = {isa = PBXBuildFile; fileRef = 4CA3B19C1D211C390012B3DC /* DataViewController.swift */; };
		4CA3B19F1D211C390012B3DC /* ModelController.swift in Sources */ = {isa = PBXBuildFile; fileRef = 4CA3B19E1D211C390012B3DC /* ModelController.swift */; };
		4CA3B1A21D211C390012B3DC /* Main.storyboard in Resources */ = {isa = PBXBuildFile; fileRef = 4CA3B1A01D211C390012B3DC /* Main.storyboard */; };
		4CA3B1A41D211C390012B3DC /* Assets.xcassets in Resources */ = {isa = PBXBuildFile; fileRef = 4CA3B1A31D211C390012B3DC /* Assets.xcassets */; };
		4CA3B1A71D211C390012B3DC /* LaunchScreen.storyboard in Resources */ = {isa = PBXBuildFile; fileRef = 4CA3B1A51D211C390012B3DC /* LaunchScreen.storyboard */; };
/* End PBXBuildFile section */

/* Begin PBXFileReference section */
		4CA3B1951D211C390012B3DC /* icthelp.app */ = {isa = PBXFileReference; explicitFileType = wrapper.application; includeInIndex = 0; path = icthelp.app; sourceTree = BUILT_PRODUCTS_DIR; };
		4CA3B1981D211C390012B3DC /* AppDelegate.swift */ = {isa = PBXFileReference; lastKnownFileType = sourcecode.swift; path = AppDelegate.swift; sourceTree = "<group>"; };
		4CA3B19A1D211C390012B3DC /* RootViewController.swift */ = {isa = PBXFileReference; lastKnownFileType = sourcecode.swift; path = RootViewController.swift; sourceTree = "<group>"; };
		4CA3B19C1D211C390012B3DC /* DataViewController.swift */ = {isa = PBXFileReference; lastKnownFileType = sourcecode.swift; path = DataViewController.swift; sourceTree = "<group>"; };
		4CA3B19E1D211C390012B3DC /* ModelController.swift */ = {isa = PBXFileReference; lastKnownFileType = sourcecode.swift; path = ModelController.swift; sourceTree = "<group>"; };
		4CA3B1A11D211C390012B3DC /* Base */ = {isa = PBXFileReference; lastKnownFileType = file.storyboard; name = Base; path = Base.lproj/Main.storyboard; sourceTree = "<group>"; };
		4CA3B1A31D211C390012B3DC /* Assets.xcassets */ = {isa = PBXFileReference; lastKnownFileType = folder.assetcatalog; path = Assets.xcassets; sourceTree = "<group>"; };
		4CA3B1A61D211C390012B3DC /* Base */ = {isa = PBXFileReference; lastKnownFileType = file.storyboard; name = Base; path = Base.lproj/LaunchScreen.storyboard; sourceTree = "<group>"; };
		4CA3B1A81D211C390012B3DC /* Info.plist */ = {isa = PBXFileReference; lastKnownFileType = text.plist.xml; path = Info.plist; sourceTree = "<group>"; };
/* End PBXFileReference section */

/* Begin PBXFrameworksBuildPhase section */
		4CA3B1921D211C390012B3DC /* Frameworks */ = {
			isa = PBXFrameworksBuildPhase;
			buildActionMask = 2147483647;
			files = (
			);
			runOnlyForDeploymentPostprocessing = 0;
		};
/* End PBXFrameworksBuildPhase section */

/* Begin PBXGroup section */
		4CA3B18C1D211C390012B3DC = {
			isa = PBXGroup;
			children = (
				4CA3B1971D211C390012B3DC /* icthelp */,
				4CA3B1961D211C390012B3DC /* Products */,
			);
			sourceTree = "<group>";
		};
		4CA3B1961D211C390012B3DC /* Products */ = {
			isa = PBXGroup;
			children = (
				4CA3B1951D211C390012B3DC /* icthelp.app */,
			);
			name = Products;
			sourceTree = "<group>";
		};
		4CA3B1971D211C390012B3DC /* icthelp */ = {
			isa = PBXGroup;
			children = (
				4CA3B1981D211C390012B3DC /* AppDelegate.swift */,
				4CA3B19A1D211C390012B3DC /* RootViewController.swift */,
				4CA3B19C1D211C390012B3DC /* DataViewController.swift */,
				4CA3B19E1D211C390012B3DC /* ModelController.swift */,
				4CA3B1A01D211C390012B3DC /* Main.storyboard */,
				4CA3B1A31D211C390012B3DC /* Assets.xcassets */,
				4CA3B1A51D211C390012B3DC /* LaunchScreen.storyboard */,
				4CA3B1A81D211C390012B3DC /* Info.plist */,
			);
			path = icthelp;
			sourceTree = "<group>";
		};
/* End PBXGroup section */

/* Begin PBXNativeTarget section */
		4CA3B1941D211C390012B3DC /* icthelp */ = {
			isa = PBXNativeTarget;
			buildConfigurationList = 4CA3B1AB1D211C390012B3DC /* Build configuration list for PBXNativeTarget "icthelp" */;
			buildPhases = (
				4CA3B1911D211C390012B3DC /* Sources */,
				4CA3B1921D211C390012B3DC /* Frameworks */,
				4CA3B1931D211C390012B3DC /* Resources */,
			);
			buildRules = (
			);
			dependencies = (
			);
			name = icthelp;
			productName = icthelp;
			productReference = 4CA3B1951D211C390012B3DC /* icthelp.app */;
			productType = "com.apple.product-type.application";
		};
/* End PBXNativeTarget section */

/* Begin PBXProject section */
		4CA3B18D1D211C390012B3DC /* Project object */ = {
			isa = PBXProject;
			attributes = {
				LastSwiftUpdateCheck = 0730;
				LastUpgradeCheck = 0730;
				ORGANIZATIONNAME = "Squid Inc.";
				TargetAttributes = {
					4CA3B1941D211C390012B3DC = {
						CreatedOnToolsVersion = 7.3.1;
					};
				};
			};
			buildConfigurationList = 4CA3B1901D211C390012B3DC /* Build configuration list for PBXProject "icthelp" */;
			compatibilityVersion = "Xcode 3.2";
			developmentRegion = English;
			hasScannedForEncodings = 0;
			knownRegions = (
				en,
				Base,
			);
			mainGroup = 4CA3B18C1D211C390012B3DC;
			productRefGroup = 4CA3B1961D211C390012B3DC /* Products */;
			projectDirPath = "";
			projectRoot = "";
			targets = (
				4CA3B1941D211C390012B3DC /* icthelp */,
			);
		};
/* End PBXProject section */

/* Begin PBXResourcesBuildPhase section */
		4CA3B1931D211C390012B3DC /* Resources */ = {
			isa = PBXResourcesBuildPhase;
			buildActionMask = 2147483647;
			files = (
				4CA3B1A71D211C390012B3DC /* LaunchScreen.storyboard in Resources */,
				4CA3B1A41D211C390012B3DC /* Assets.xcassets in Resources */,
				4CA3B1A21D211C390012B3DC /* Main.storyboard in Resources */,
			);
			runOnlyForDeploymentPostprocessing = 0;
		};
/* End PBXResourcesBuildPhase section */

/* Begin PBXSourcesBuildPhase section */
		4CA3B1911D211C390012B3DC /* Sources */ = {
			isa = PBXSourcesBuildPhase;
			buildActionMask = 2147483647;
			files = (
				4CA3B19B1D211C390012B3DC /* RootViewController.swift in Sources */,
				4CA3B19F1D211C390012B3DC /* ModelController.swift in Sources */,
				4CA3B19D1D211C390012B3DC /* DataViewController.swift in Sources */,
				4CA3B1991D211C390012B3DC /* AppDelegate.swift in Sources */,
			);
			runOnlyForDeploymentPostprocessing = 0;
		};
/* End PBXSourcesBuildPhase section */

/* Begin PBXVariantGroup section */
		4CA3B1A01D211C390012B3DC /* Main.storyboard */ = {
			isa = PBXVariantGroup;
			children = (
				4CA3B1A11D211C390012B3DC /* Base */,
			);
			name = Main.storyboard;
			sourceTree = "<group>";
		};
		4CA3B1A51D211C390012B3DC /* LaunchScreen.storyboard */ = {
			isa = PBXVariantGroup;
			children = (
				4CA3B1A61D211C390012B3DC /* Base */,
			);
			name = LaunchScreen.storyboard;
			sourceTree = "<group>";
		};
/* End PBXVariantGroup section */

/* Begin XCBuildConfiguration section */
		4CA3B1A91D211C390012B3DC /* Debug */ = {
			isa = XCBuildConfiguration;
			buildSettings = {
				ALWAYS_SEARCH_USER_PATHS = NO;
				CLANG_ANALYZER_NONNULL = YES;
				CLANG_CXX_LANGUAGE_STANDARD = "gnu++0x";
				CLANG_CXX_LIBRARY = "libc++";
				CLANG_ENABLE_MODULES = YES;
				CLANG_ENABLE_OBJC_ARC = YES;
				CLANG_WARN_BOOL_CONVERSION = YES;
				CLANG_WARN_CONSTANT_CONVERSION = YES;
				CLANG_WARN_DIRECT_OBJC_ISA_USAGE = YES_ERROR;
				CLANG_WARN_EMPTY_BODY = YES;
				CLANG_WARN_ENUM_CONVERSION = YES;
				CLANG_WARN_INT_CONVERSION = YES;
				CLANG_WARN_OBJC_ROOT_CLASS = YES_ERROR;
				CLANG_WARN_UNREACHABLE_CODE = YES;
				CLANG_WARN__DUPLICATE_METHOD_MATCH = YES;
				"CODE_SIGN_IDENTITY[sdk=iphoneos*]" = "iPhone Developer";
				COPY_PHASE_STRIP = NO;
				DEBUG_INFORMATION_FORMAT = dwarf;
				ENABLE_STRICT_OBJC_MSGSEND = YES;
				ENABLE_TESTABILITY = YES;
				GCC_C_LANGUAGE_STANDARD = gnu99;
				GCC_DYNAMIC_NO_PIC = NO;
				GCC_NO_COMMON_BLOCKS = YES;
				GCC_OPTIMIZATION_LEVEL = 0;
				GCC_PREPROCESSOR_DEFINITIONS = (
					"DEBUG=1",
					"$(inherited)",
				);
				GCC_WARN_64_TO_32_BIT_CONVERSION = YES;
				GCC_WARN_ABOUT_RETURN_TYPE = YES_ERROR;
				GCC_WARN_UNDECLARED_SELECTOR = YES;
				GCC_WARN_UNINITIALIZED_AUTOS = YES_AGGRESSIVE;
				GCC_WARN_UNUSED_FUNCTION = YES;
				GCC_WARN_UNUSED_VARIABLE = YES;
				IPHONEOS_DEPLOYMENT_TARGET = 9.3;
				MTL_ENABLE_DEBUG_INFO = YES;
				ONLY_ACTIVE_ARCH = YES;
				SDKROOT = iphoneos;
				SWIFT_OPTIMIZATION_LEVEL = "-Onone";
			};
			name = Debug;
		};
		4CA3B1AA1D211C390012B3DC /* Release */ = {
			isa = XCBuildConfiguration;
			buildSettings = {
				ALWAYS_SEARCH_USER_PATHS = NO;
				CLANG_ANALYZER_NONNULL = YES;
				CLANG_CXX_LANGUAGE_STANDARD = "gnu++0x";
				CLANG_CXX_LIBRARY = "libc++";
				CLANG_ENABLE_MODULES = YES;
				CLANG_ENABLE_OBJC_ARC = YES;
				CLANG_WARN_BOOL_CONVERSION = YES;
				CLANG_WARN_CONSTANT_CONVERSION = YES;
				CLANG_WARN_DIRECT_OBJC_ISA_USAGE = YES_ERROR;
				CLANG_WARN_EMPTY_BODY = YES;
				CLANG_WARN_ENUM_CONVERSION = YES;
				CLANG_WARN_INT_CONVERSION = YES;
				CLANG_WARN_OBJC_ROOT_CLASS = YES_ERROR;
				CLANG_WARN_UNREACHABLE_CODE = YES;
				CLANG_WARN__DUPLICATE_METHOD_MATCH = YES;
				"CODE_SIGN_IDENTITY[sdk=iphoneos*]" = "iPhone Developer";
				COPY_PHASE_STRIP = NO;
				DEBUG_INFORMATION_FORMAT = "dwarf-with-dsym";
				ENABLE_NS_ASSERTIONS = NO;
				ENABLE_STRICT_OBJC_MSGSEND = YES;
				GCC_C_LANGUAGE_STANDARD = gnu99;
				GCC_NO_COMMON_BLOCKS = YES;
				GCC_WARN_64_TO_32_BIT_CONVERSION = YES;
				GCC_WARN_ABOUT_RETURN_TYPE = YES_ERROR;
				GCC_WARN_UNDECLARED_SELECTOR = YES;
				GCC_WARN_UNINITIALIZED_AUTOS = YES_AGGRESSIVE;
				GCC_WARN_UNUSED_FUNCTION = YES;
				GCC_WARN_UNUSED_VARIABLE = YES;
				IPHONEOS_DEPLOYMENT_TARGET = 9.3;
				MTL_ENABLE_DEBUG_INFO = NO;
				SDKROOT = iphoneos;
				VALIDATE_PRODUCT = YES;
			};
			name = Release;
		};
		4CA3B1AC1D211C390012B3DC /* Debug */ = {
			isa = XCBuildConfiguration;
			buildSettings = {
				ASSETCATALOG_COMPILER_APPICON_NAME = AppIcon;
				INFOPLIST_FILE = icthelp/Info.plist;
				LD_RUNPATH_SEARCH_PATHS = "$(inherited) @executable_path/Frameworks";
				PRODUCT_BUNDLE_IDENTIFIER = sg.edu.sst.icthelp;
				PRODUCT_NAME = "$(TARGET_NAME)";
			};
			name = Debug;
		};
		4CA3B1AD1D211C390012B3DC /* Release */ = {
			isa = XCBuildConfiguration;
			buildSettings = {
				ASSETCATALOG_COMPILER_APPICON_NAME = AppIcon;
				INFOPLIST_FILE = icthelp/Info.plist;
				LD_RUNPATH_SEARCH_PATHS = "$(inherited) @executable_path/Frameworks";
				PRODUCT_BUNDLE_IDENTIFIER = sg.edu.sst.icthelp;
				PRODUCT_NAME = "$(TARGET_NAME)";
			};
			name = Release;
		};
/* End XCBuildConfiguration section */

/* Begin XCConfigurationList section */
		4CA3B1901D211C390012B3DC /* Build configuration list for PBXProject "icthelp" */ = {
			isa = XCConfigurationList;
			buildConfigurations = (
				4CA3B1A91D211C390012B3DC /* Debug */,
				4CA3B1AA1D211C390012B3DC /* Release */,
			);
			defaultConfigurationIsVisible = 0;
			defaultConfigurationName = Release;
		};
		4CA3B1AB1D211C390012B3DC /* Build configuration list for PBXNativeTarget "icthelp" */ = {
			isa = XCConfigurationList;
			buildConfigurations = (
				4CA3B1AC1D211C390012B3DC /* Debug */,
				4CA3B1AD1D211C390012B3DC /* Release */,
			);
			defaultConfigurationIsVisible = 0;
		};
/* End XCConfigurationList section */
	};
	rootObject = 4CA3B18D1D211C390012B3DC /* Project object */;
}
